
Microsoft Visual Studio Solution File, Format Version 12.00
# Visual Studio Version 17
VisualStudioVersion = 17.3.32929.385
MinimumVisualStudioVersion = 10.0.40219.1
Project("{FAE04EC0-301F-11D3-BF4B-00C04F79EFBC}") = "Northwind.Entities", "Entities\Northwind.Entities.csproj", "{70C929AE-0B9B-436F-81B6-EBEA5D091292}"
EndProject
Project("{FAE04EC0-301F-11D3-BF4B-00C04F79EFBC}") = "Northwind.DataAccess", "Northwind.DataAccess\Northwind.DataAccess.csproj", "{EB994B27-6F81-4B4B-BCFB-A74821E97275}"
EndProject
Project("{FAE04EC0-301F-11D3-BF4B-00C04F79EFBC}") = "Northwind.Business", "Northwind.Business\Northwind.Business.csproj", "{BE8CA697-52BF-40B5-89D7-A063CC72ABE2}"
EndProject
Project("{FAE04EC0-301F-11D3-BF4B-00C04F79EFBC}") = "Northwind.WebFormsUI", "Northwind.WebFormsUI\Northwind.WebFormsUI.csproj", "{AF07C931-E69C-43B7-863B-6A2192555E3F}"
EndProject
Global
	GlobalSection(SolutionConfigurationPlatforms) = preSolution
		Debug|Any CPU = Debug|Any CPU
		Release|Any CPU = Release|Any CPU
	EndGlobalSection
	GlobalSection(ProjectConfigurationPlatforms) = postSolution
		{70C929AE-0B9B-436F-81B6-EBEA5D091292}.Debug|Any CPU.ActiveCfg = Debug|Any CPU
		{70C929AE-0B9B-436F-81B6-EBEA5D091292}.Debug|Any CPU.Build.0 = Debug|Any CPU
		{70C929AE-0B9B-436F-81B6-EBEA5D091292}.Release|Any CPU.ActiveCfg = Release|Any CPU
		{70C929AE-0B9B-436F-81B6-EBEA5D091292}.Release|Any CPU.Build.0 = Release|Any CPU
		{EB994B27-6F81-4B4B-BCFB-A74821E97275}.Debug|Any CPU.ActiveCfg = Debug|Any CPU
		{EB994B27-6F81-4B4B-BCFB-A74821E97275}.Debug|Any CPU.Build.0 = Debug|Any CPU
		{EB994B27-6F81-4B4B-BCFB-A74821E97275}.Release|Any CPU.ActiveCfg = Release|Any CPU
		{EB994B27-6F81-4B4B-BCFB-A74821E97275}.Release|Any CPU.Build.0 = Release|Any CPU
		{BE8CA697-52BF-40B5-89D7-A063CC72ABE2}.Debug|Any CPU.ActiveCfg = Debug|Any CPU
		{BE8CA697-52BF-40B5-89D7-A063CC72ABE2}.Debug|Any CPU.Build.0 = Debug|Any CPU
		{BE8CA697-52BF-40B5-89D7-A063CC72ABE2}.Release|Any CPU.ActiveCfg = Release|Any CPU
		{BE8CA697-52BF-40B5-89D7-A063CC72ABE2}.Release|Any CPU.Build.0 = Release|Any CPU
		{AF07C931-E69C-43B7-863B-6A2192555E3F}.Debug|Any CPU.ActiveCfg = Debug|Any CPU
		{AF07C931-E69C-43B7-863B-6A2192555E3F}.Debug|Any CPU.Build.0 = Debug|Any CPU
		{AF07C931-E69C-43B7-863B-6A2192555E3F}.Release|Any CPU.ActiveCfg = Release|Any CPU
		{AF07C931-E69C-43B7-863B-6A2192555E3F}.Release|Any CPU.Build.0 = Release|Any CPU
	EndGlobalSection
	GlobalSection(SolutionProperties) = preSolution
		HideSolutionNode = FALSE
	EndGlobalSection
	GlobalSection(ExtensibilityGlobals) = postSolution
		SolutionGuid = {FA576E70-D446-41D8-89D0-348017C47CAB}
	EndGlobalSection
EndGlobal
